
Microsoft Visual Studio Solution File, Format Version 12.00
# Visual Studio Version 17
VisualStudioVersion = 17.5.002.0
MinimumVisualStudioVersion = 10.0.40219.1
Project("{9A19103F-16F7-4668-BE54-9A1E7A4F7556}") = "trilha-net-fundamentos-desafio", "trilha-net-fundamentos-desafio.csproj", "{FCB7FCB0-E885-477D-92C4-2226BEE5DD77}"
EndProject
Global
	GlobalSection(SolutionConfigurationPlatforms) = preSolution
		Debug|Any CPU = Debug|Any CPU
		Release|Any CPU = Release|Any CPU
	EndGlobalSection
	GlobalSection(ProjectConfigurationPlatforms) = postSolution
		{FCB7FCB0-E885-477D-92C4-2226BEE5DD77}.Debug|Any CPU.ActiveCfg = Debug|Any CPU
		{FCB7FCB0-E885-477D-92C4-2226BEE5DD77}.Debug|Any CPU.Build.0 = Debug|Any CPU
		{FCB7FCB0-E885-477D-92C4-2226BEE5DD77}.Release|Any CPU.ActiveCfg = Release|Any CPU
		{FCB7FCB0-E885-477D-92C4-2226BEE5DD77}.Release|Any CPU.Build.0 = Release|Any CPU
	EndGlobalSection
	GlobalSection(SolutionProperties) = preSolution
		HideSolutionNode = FALSE
	EndGlobalSection
	GlobalSection(ExtensibilityGlobals) = postSolution
		SolutionGuid = {9DFAAF68-BDC2-4B6B-BC6C-E3CD2483C631}
	EndGlobalSection
EndGlobal
